{
  "name": "Testing-Published-Package",
  "lockfileVersion": 3,
  "requires": true,
  "packages": {
    "": {
      "dependencies": {
        "package-publish-testing": "^1.0.3"
      }
    },
    "node_modules/package-publish-testing": {
      "version": "1.0.3",
      "resolved": "https://registry.npmjs.org/package-publish-testing/-/package-publish-testing-1.0.3.tgz",
      "integrity": "sha512-VjJXl01FwnKeVN9cQyOsZgeyJDEy/wVf0rbJXSzzTvRLaBWNcknJ5nGliCFlNpB5Do2G7xSXlEF4QniG1vJdyA==",
      "license": "ISC"
    }
  }
}
